
Microsoft Visual Studio Solution File, Format Version 12.00
# Visual Studio Version 17
VisualStudioVersion = 17.10.35013.160
MinimumVisualStudioVersion = 10.0.40219.1
Project("{FAE04EC0-301F-11D3-BF4B-00C04F79EFBC}") = "DeptHieracy", "DeptHieracy\DeptHieracy.csproj", "{35EE1ED5-3FBB-4D75-885D-CE239A98CD9A}"
EndProject
Global
	GlobalSection(SolutionConfigurationPlatforms) = preSolution
		Debug|Any CPU = Debug|Any CPU
		Release|Any CPU = Release|Any CPU
	EndGlobalSection
	GlobalSection(ProjectConfigurationPlatforms) = postSolution
		{35EE1ED5-3FBB-4D75-885D-CE239A98CD9A}.Debug|Any CPU.ActiveCfg = Debug|Any CPU
		{35EE1ED5-3FBB-4D75-885D-CE239A98CD9A}.Debug|Any CPU.Build.0 = Debug|Any CPU
		{35EE1ED5-3FBB-4D75-885D-CE239A98CD9A}.Release|Any CPU.ActiveCfg = Release|Any CPU
		{35EE1ED5-3FBB-4D75-885D-CE239A98CD9A}.Release|Any CPU.Build.0 = Release|Any CPU
	EndGlobalSection
	GlobalSection(SolutionProperties) = preSolution
		HideSolutionNode = FALSE
	EndGlobalSection
	GlobalSection(ExtensibilityGlobals) = postSolution
		SolutionGuid = {6951E6E6-8980-4D3B-8057-E76E167C4B16}
	EndGlobalSection
EndGlobal
